<?xml version="1.0" encoding="UTF-8" standalone="yes" ?>
<CodeBlocks_project_file>
	<FileVersion major="1" minor="6" />
	<Project>
		<Option title="CAD" />
		<Option pch_mode="2" />
		<Option compiler="gcc" />
		<Build>
			<Target title="Debug">
				<Option output="../cad" imp_lib="$(TARGET_OUTPUT_DIR)$(TARGET_OUTPUT_BASENAME).a" def_file="$(TARGET_OUTPUT_DIR)$(TARGET_OUTPUT_BASENAME).def" prefix_auto="0" extension_auto="1" />
				<Option working_dir="../../PyCAM" />
				<Option object_output="obj/Debug/" />
				<Option type="3" />
				<Option compiler="gcc" />
				<Option parameters="test.py" />
				<Option host_application="python3" />
				<Option run_host_application_in_terminal="1" />
				<Compiler>
					<Add option="-pedantic-errors" />
					<Add option="-Wall" />
					<Add option="-g" />
					<Add option="-Wno-deprecated -fPIC -Wno-psabi" />
					<Add option="-DUNICODE" />
					<Add directory="./" />
					<Add directory="/usr/include/python3.7m" />
				</Compiler>
				<Linker>
					<Add library="/usr/lib/arm-linux-gnueabihf/libpython3.7m.so" />
					<Add library="/usr/local/lib/libboost_python37.so.1.73.0" />
					<Add library="GL" />
					<Add library="GLU" />
				</Linker>
			</Target>
		</Build>
		<Unit filename="../Geom/Arc.cpp" />
		<Unit filename="../Geom/Area.cpp" />
		<Unit filename="../Geom/AreaClipper.cpp" />
		<Unit filename="../Geom/AreaOrderer.cpp" />
		<Unit filename="../Geom/AreaPocket.cpp" />
		<Unit filename="../Geom/Circle.cpp" />
		<Unit filename="../Geom/Construction.cpp" />
		<Unit filename="../Geom/Curve.cpp" />
		<Unit filename="../Geom/Finite.cpp" />
		<Unit filename="../Geom/Geom.cpp" />
		<Unit filename="../Geom/Matrix.cpp" />
		<Unit filename="../Geom/Offset.cpp" />
		<Unit filename="../Geom/clipper.cpp" />
		<Unit filename="CadApp.cpp" />
		<Unit filename="ConversionTools.cpp" />
		<Unit filename="CoordinateSystem.cpp" />
		<Unit filename="DigitizeMode.cpp" />
		<Unit filename="DigitizedPoint.cpp" />
		<Unit filename="Drawing.cpp" />
		<Unit filename="EndedObject.cpp" />
		<Unit filename="ExtrudedObj.cpp" />
		<Unit filename="Grid.cpp" />
		<Unit filename="Gripper.cpp" />
		<Unit filename="GripperSelTransform.cpp" />
		<Unit filename="Group.cpp" />
		<Unit filename="HArc.cpp" />
		<Unit filename="HCircle.cpp" />
		<Unit filename="HDxf.cpp" />
		<Unit filename="HILine.cpp" />
		<Unit filename="HLine.cpp" />
		<Unit filename="HPoint.cpp" />
		<Unit filename="HText.cpp" />
		<Unit filename="HXml.cpp" />
		<Unit filename="HeeksColor.cpp" />
		<Unit filename="HeeksFont.cpp" />
		<Unit filename="HeeksObj.cpp" />
		<Unit filename="History.cpp" />
		<Unit filename="IdNamedObj.cpp" />
		<Unit filename="IdNamedObjList.cpp" />
		<Unit filename="LeftAndRight.cpp" />
		<Unit filename="LineArcDrawing.cpp" />
		<Unit filename="MagDragWindow.cpp" />
		<Unit filename="MarkedList.cpp" />
		<Unit filename="ObjList.cpp" />
		<Unit filename="Picking.cpp" />
		<Unit filename="PointOrWindow.cpp" />
		<Unit filename="Property.cpp" />
		<Unit filename="PropertyChange.cpp" />
		<Unit filename="PyBaseObject.cpp" />
		<Unit filename="PyWrapper.cpp" />
		<Unit filename="PythonStuff.cpp" />
		<Unit filename="RegularShapesDrawing.cpp" />
		<Unit filename="RemoveOrAddTool.cpp" />
		<Unit filename="Ruler.cpp" />
		<Unit filename="Sketch.cpp" />
		<Unit filename="StlSolid.cpp" />
		<Unit filename="StretchTool.cpp" />
		<Unit filename="TransformTool.cpp" />
		<Unit filename="ViewPanning.cpp" />
		<Unit filename="ViewPoint.cpp" />
		<Unit filename="ViewRotating.cpp" />
		<Unit filename="ViewZooming.cpp" />
		<Unit filename="Viewport.cpp" />
		<Unit filename="Window.cpp" />
		<Unit filename="dxf.cpp" />
		<Unit filename="strconv.cpp" />
		<Unit filename="svg.cpp" />
		<Unit filename="tinystr.cpp" />
		<Unit filename="tinyxml.cpp" />
		<Unit filename="tinyxmlerror.cpp" />
		<Unit filename="tinyxmlparser.cpp" />
		<Extensions>
			<code_completion />
			<debugger />
		</Extensions>
	</Project>
</CodeBlocks_project_file>
